
Microsoft Visual Studio Solution File, Format Version 12.00
# Visual Studio Version 17
VisualStudioVersion = 17.13.35818.85 d17.13
MinimumVisualStudioVersion = 10.0.40219.1
Project("{FAE04EC0-301F-11D3-BF4B-00C04F79EFBC}") = "HelooWorld", "HelooWorld\HelooWorld.csproj", "{E3500E18-6AAD-45AC-BA1A-22A876A676A6}"
EndProject
Global
	GlobalSection(SolutionConfigurationPlatforms) = preSolution
		Debug|Any CPU = Debug|Any CPU
		Release|Any CPU = Release|Any CPU
	EndGlobalSection
	GlobalSection(ProjectConfigurationPlatforms) = postSolution
		{E3500E18-6AAD-45AC-BA1A-22A876A676A6}.Debug|Any CPU.ActiveCfg = Debug|Any CPU
		{E3500E18-6AAD-45AC-BA1A-22A876A676A6}.Debug|Any CPU.Build.0 = Debug|Any CPU
		{E3500E18-6AAD-45AC-BA1A-22A876A676A6}.Release|Any CPU.ActiveCfg = Release|Any CPU
		{E3500E18-6AAD-45AC-BA1A-22A876A676A6}.Release|Any CPU.Build.0 = Release|Any CPU
	EndGlobalSection
	GlobalSection(SolutionProperties) = preSolution
		HideSolutionNode = FALSE
	EndGlobalSection
	GlobalSection(ExtensibilityGlobals) = postSolution
		SolutionGuid = {38825DCF-55E3-4D35-B77C-D2DB1BB1EC99}
	EndGlobalSection
EndGlobal
